
Microsoft Visual Studio Solution File, Format Version 12.00
# Visual Studio Version 16
VisualStudioVersion = 25.0.1703.5
MinimumVisualStudioVersion = 10.0.40219.1
Project("{FAE04EC0-301F-11D3-BF4B-00C04F79EFBC}") = "GitLab_ProjectsAPI", "GitLab_ProjectsAPI\GitLab_ProjectsAPI.csproj", "{63703698-084A-44B5-ACB9-0DF5845A8F42}"
EndProject
Global
	GlobalSection(SolutionConfigurationPlatforms) = preSolution
		Debug|Any CPU = Debug|Any CPU
		Release|Any CPU = Release|Any CPU
	EndGlobalSection
	GlobalSection(ProjectConfigurationPlatforms) = postSolution
		{63703698-084A-44B5-ACB9-0DF5845A8F42}.Debug|Any CPU.ActiveCfg = Debug|Any CPU
		{63703698-084A-44B5-ACB9-0DF5845A8F42}.Debug|Any CPU.Build.0 = Debug|Any CPU
		{63703698-084A-44B5-ACB9-0DF5845A8F42}.Release|Any CPU.ActiveCfg = Release|Any CPU
		{63703698-084A-44B5-ACB9-0DF5845A8F42}.Release|Any CPU.Build.0 = Release|Any CPU
	EndGlobalSection
	GlobalSection(SolutionProperties) = preSolution
		HideSolutionNode = FALSE
	EndGlobalSection
	GlobalSection(ExtensibilityGlobals) = postSolution
		SolutionGuid = {2034DAF6-162F-4D6F-A76A-2F93F4B1EC92}
	EndGlobalSection
EndGlobal
